{
  "name": "cicd-github-actions-node-raw",
  "version": "0.1.0",
  "lockfileVersion": 3,
  "requires": true,
  "packages": {
    "": {
      "name": "cicd-github-actions-node-raw",
      "version": "0.1.0",
      "dependencies": {
        "posthog-node": "^5.35.4"
      },
      "devDependencies": {
        "typescript": "^5.7.2"
      }
    },
    "node_modules/@posthog/core": {
      "version": "1.31.1",
      "resolved": "https://registry.npmjs.org/@posthog/core/-/core-1.31.1.tgz",
      "integrity": "sha512-ZV7qk1lSLpJR7n5HZ/au0iA1H/5TaZjwAF3pVVhQYwCALOSIF5jvnI2X9mvByQIS+wSUckPkZQ+33YaIT6SZJQ==",
      "license": "MIT",
      "dependencies": {
        "@posthog/types": "1.384.1"
      }
    },
    "node_modules/@posthog/types": {
      "version": "1.384.1",
      "resolved": "https://registry.npmjs.org/@posthog/types/-/types-1.384.1.tgz",
      "integrity": "sha512-tzObc/AIunXrKGX3lsPGQ1vs915L0KEChBDmPvgs9PMkCc7sH9eMn8/XKPbZ/BxJALRN8fsWCeSkR2fyoADWvA==",
      "license": "MIT"
    },
    "node_modules/posthog-node": {
      "version": "5.36.10",
      "resolved": "https://registry.npmjs.org/posthog-node/-/posthog-node-5.36.10.tgz",
      "integrity": "sha512-1be0En8VC/GTzGhf8lrIte7W5T4tBOkCYYQTl2FQiAGpIx0kmVRusby3AHXD/dZP44jLN1aMet/a4AvMDjO33g==",
      "license": "MIT",
      "dependencies": {
        "@posthog/core": "1.31.1"
      },
      "engines": {
        "node": "^20.20.0 || >=22.22.0"
      },
      "peerDependencies": {
        "rxjs": "^7.0.0"
      },
      "peerDependenciesMeta": {
        "rxjs": {
          "optional": true
        }
      }
    },
    "node_modules/typescript": {
      "version": "5.9.3",
      "resolved": "https://registry.npmjs.org/typescript/-/typescript-5.9.3.tgz",
      "integrity": "sha512-jl1vZzPDinLr9eUt3J/t7V6FgNEw9QjvBPdysz9KfQDD41fQrC2Y4vKQdiaUpFT4bXlb1RHhLpp8wtm6M5TgSw==",
      "dev": true,
      "license": "Apache-2.0",
      "bin": {
        "tsc": "bin/tsc",
        "tsserver": "bin/tsserver"
      },
      "engines": {
        "node": ">=14.17"
      }
    }
  }
}
