{
  "name": "native-http-contacts",
  "version": "1.0.0",
  "lockfileVersion": 3,
  "requires": true,
  "packages": {
    "": {
      "name": "native-http-contacts",
      "version": "1.0.0",
      "dependencies": {
        "posthog-node": "^5.29.1"
      }
    },
    "node_modules/@posthog/core": {
      "version": "1.25.1",
      "resolved": "https://registry.npmjs.org/@posthog/core/-/core-1.25.1.tgz",
      "integrity": "sha512-76enEGwLVtcCTbfAr1wJ6zi4tYzVkGsqJx+H9JiX0K8/VxuKdbOtVShsOJhTD9uvFfTeW3DX+PSCelcqWrRRkw==",
      "license": "MIT"
    },
    "node_modules/posthog-node": {
      "version": "5.29.1",
      "resolved": "https://registry.npmjs.org/posthog-node/-/posthog-node-5.29.1.tgz",
      "integrity": "sha512-XA1OGrE8SAmO3JkfWjeVg7XxEN/6M6ZXzYmBJKl3uXv/xxk7ru0oeoqi/rcWJ6z5+nFP9wUFVoS37//qaPxwFg==",
      "license": "MIT",
      "dependencies": {
        "@posthog/core": "1.25.1"
      },
      "engines": {
        "node": "^20.20.0 || >=22.22.0"
      },
      "peerDependencies": {
        "rxjs": "^7.0.0"
      },
      "peerDependenciesMeta": {
        "rxjs": {
          "optional": true
        }
      }
    }
  }
}
