{
  "name": "native-http-contacts",
  "version": "1.0.0",
  "lockfileVersion": 3,
  "requires": true,
  "packages": {
    "": {
      "name": "native-http-contacts",
      "version": "1.0.0",
      "dependencies": {
        "posthog-node": "^5.29.5"
      }
    },
    "node_modules/@posthog/core": {
      "version": "1.26.0",
      "resolved": "https://registry.npmjs.org/@posthog/core/-/core-1.26.0.tgz",
      "integrity": "sha512-q6pSkW7V9RC3rIXjJBo7IBXOH2KPJEh8o+xIcSqw7QD4vq7OYVzTJfUIvkD38+sm54RG/61/3QaPdpQZkDnOyg==",
      "license": "MIT"
    },
    "node_modules/posthog-node": {
      "version": "5.29.5",
      "resolved": "https://registry.npmjs.org/posthog-node/-/posthog-node-5.29.5.tgz",
      "integrity": "sha512-mxM8+mXHHMgBKp8f4EhR5TR96tGJ9IqgYa4bPzKgSUW2uxL2vu9AVEz8dusbc913BXPRrDjw4fp+q/PoSsuQFQ==",
      "license": "MIT",
      "dependencies": {
        "@posthog/core": "1.26.0"
      },
      "engines": {
        "node": "^20.20.0 || >=22.22.0"
      },
      "peerDependencies": {
        "rxjs": "^7.0.0"
      },
      "peerDependenciesMeta": {
        "rxjs": {
          "optional": true
        }
      }
    }
  }
}
