{
  "name": "hono-links",
  "version": "1.0.0",
  "lockfileVersion": 3,
  "requires": true,
  "packages": {
    "": {
      "name": "hono-links",
      "version": "1.0.0",
      "dependencies": {
        "@hono/node-server": "^1.13.0",
        "hono": "^4.6.0",
        "posthog-node": "^5.29.2"
      }
    },
    "node_modules/@hono/node-server": {
      "version": "1.19.14",
      "resolved": "https://registry.npmjs.org/@hono/node-server/-/node-server-1.19.14.tgz",
      "integrity": "sha512-GwtvgtXxnWsucXvbQXkRgqksiH2Qed37H9xHZocE5sA3N8O8O8/8FA3uclQXxXVzc9XBZuEOMK7+r02FmSpHtw==",
      "license": "MIT",
      "engines": {
        "node": ">=18.14.1"
      },
      "peerDependencies": {
        "hono": "^4"
      }
    },
    "node_modules/@posthog/core": {
      "version": "1.25.2",
      "resolved": "https://registry.npmjs.org/@posthog/core/-/core-1.25.2.tgz",
      "integrity": "sha512-h2FO7ut/BbfwpAXWpwdDHTzQgUo9ibDFEs6ZO+3cI3KPWQt5XwczK1OLAuPprcjm8T/jl0SH8jSFo5XdU4RbTg==",
      "license": "MIT"
    },
    "node_modules/hono": {
      "version": "4.12.12",
      "resolved": "https://registry.npmjs.org/hono/-/hono-4.12.12.tgz",
      "integrity": "sha512-p1JfQMKaceuCbpJKAPKVqyqviZdS0eUxH9v82oWo1kb9xjQ5wA6iP3FNVAPDFlz5/p7d45lO+BpSk1tuSZMF4Q==",
      "license": "MIT",
      "engines": {
        "node": ">=16.9.0"
      }
    },
    "node_modules/posthog-node": {
      "version": "5.29.2",
      "resolved": "https://registry.npmjs.org/posthog-node/-/posthog-node-5.29.2.tgz",
      "integrity": "sha512-rI7kkF0XqDc0G1qjx+Hb4iuY9NAlL+XQNoGOpnEpRNTUcXvjY6WlsRGZ9m2whgc39emrrYdszi/YT8wZkr2xsg==",
      "license": "MIT",
      "dependencies": {
        "@posthog/core": "1.25.2"
      },
      "engines": {
        "node": "^20.20.0 || >=22.22.0"
      },
      "peerDependencies": {
        "rxjs": "^7.0.0"
      },
      "peerDependenciesMeta": {
        "rxjs": {
          "optional": true
        }
      }
    }
  }
}
