{
  "name": "hono-links",
  "version": "1.0.0",
  "lockfileVersion": 3,
  "requires": true,
  "packages": {
    "": {
      "name": "hono-links",
      "version": "1.0.0",
      "dependencies": {
        "@hono/node-server": "^1.13.0",
        "hono": "^4.6.0",
        "posthog-node": "^5.28.10"
      }
    },
    "node_modules/@hono/node-server": {
      "version": "1.19.12",
      "resolved": "https://registry.npmjs.org/@hono/node-server/-/node-server-1.19.12.tgz",
      "integrity": "sha512-txsUW4SQ1iilgE0l9/e9VQWmELXifEFvmdA1j6WFh/aFPj99hIntrSsq/if0UWyGVkmrRPKA1wCeP+UCr1B9Uw==",
      "license": "MIT",
      "engines": {
        "node": ">=18.14.1"
      },
      "peerDependencies": {
        "hono": "^4"
      }
    },
    "node_modules/@posthog/core": {
      "version": "1.24.5",
      "resolved": "https://registry.npmjs.org/@posthog/core/-/core-1.24.5.tgz",
      "integrity": "sha512-umXx3kMjM+cTUTLDsdPFFU7aJa3uiH19EEoWKbE5QVME8WgVg7q1peMhK7y7n7xRmYJlA70eOrHQfWlzBQqeFQ==",
      "license": "MIT"
    },
    "node_modules/hono": {
      "version": "4.12.9",
      "resolved": "https://registry.npmjs.org/hono/-/hono-4.12.9.tgz",
      "integrity": "sha512-wy3T8Zm2bsEvxKZM5w21VdHDDcwVS1yUFFY6i8UobSsKfFceT7TOwhbhfKsDyx7tYQlmRM5FLpIuYvNFyjctiA==",
      "license": "MIT",
      "engines": {
        "node": ">=16.9.0"
      }
    },
    "node_modules/posthog-node": {
      "version": "5.28.10",
      "resolved": "https://registry.npmjs.org/posthog-node/-/posthog-node-5.28.10.tgz",
      "integrity": "sha512-FxZFnX/3a7Edc2VIpiyne3BiqmzZRQv5nAItaO1urZDhC5fPWZeeo04aeKl0LWKBUp7M7x6a2sQYHpqVztT4GQ==",
      "license": "MIT",
      "dependencies": {
        "@posthog/core": "1.24.5"
      },
      "engines": {
        "node": "^20.20.0 || >=22.22.0"
      },
      "peerDependencies": {
        "rxjs": "^7.0.0"
      },
      "peerDependenciesMeta": {
        "rxjs": {
          "optional": true
        }
      }
    }
  }
}
