{
  "name": "native-http-contacts",
  "version": "1.0.0",
  "lockfileVersion": 3,
  "requires": true,
  "packages": {
    "": {
      "name": "native-http-contacts",
      "version": "1.0.0",
      "dependencies": {
        "@opentelemetry/api-logs": "^0.223.0",
        "@opentelemetry/exporter-logs-otlp-http": "^0.223.0",
        "@opentelemetry/resources": "^2.12.0",
        "@opentelemetry/sdk-logs": "^0.223.0",
        "posthog-node": "^5.55.0"
      }
    },
    "node_modules/@opentelemetry/api": {
      "version": "1.9.1",
      "resolved": "https://registry.npmjs.org/@opentelemetry/api/-/api-1.9.1.tgz",
      "integrity": "sha512-gLyJlPHPZYdAk1JENA9LeHejZe1Ti77/pTeFm/nMXmQH/HFZlcS/O2XJB+L8fkbrNSqhdtlvjBVjxwUYanNH5Q==",
      "license": "Apache-2.0",
      "engines": {
        "node": ">=8.0.0"
      }
    },
    "node_modules/@opentelemetry/api-logs": {
      "version": "0.223.0",
      "resolved": "https://registry.npmjs.org/@opentelemetry/api-logs/-/api-logs-0.223.0.tgz",
      "integrity": "sha512-Oepm6etVPFCn0VWB1t833iOTgz1eYBDUPxcrOR/XvwzD1+Ag9VzSPSrrKAFNJ/haatj+8CXbG47pZXvdNQKDJw==",
      "license": "Apache-2.0",
      "dependencies": {
        "@opentelemetry/api": "^1.3.0"
      },
      "engines": {
        "node": ">=8.0.0"
      }
    },
    "node_modules/@opentelemetry/core": {
      "version": "2.12.0",
      "resolved": "https://registry.npmjs.org/@opentelemetry/core/-/core-2.12.0.tgz",
      "integrity": "sha512-1HsSAuvT4/my0QrXWsyXFdWjKaPeCHsismKZgEEIb8NK13LP6DrMRlsUbvD/0F9mDWK3xDom9AMv3IscxgOnOQ==",
      "license": "Apache-2.0",
      "dependencies": {
        "@opentelemetry/semantic-conventions": "^1.29.0"
      },
      "engines": {
        "node": "^18.19.0 || >=20.6.0"
      },
      "peerDependencies": {
        "@opentelemetry/api": ">=1.0.0 <1.10.0"
      }
    },
    "node_modules/@opentelemetry/exporter-logs-otlp-http": {
      "version": "0.223.0",
      "resolved": "https://registry.npmjs.org/@opentelemetry/exporter-logs-otlp-http/-/exporter-logs-otlp-http-0.223.0.tgz",
      "integrity": "sha512-YQh9+t/JmV9OeRkoLhPb4yvcrWCX6lAOmXFos/JKoD+KITZYZoxf0acnwAk6YDI9O7fX68O2ka38hx1G9exl8w==",
      "license": "Apache-2.0",
      "dependencies": {
        "@opentelemetry/otlp-exporter-base": "0.223.0",
        "@opentelemetry/otlp-transformer": "0.223.0",
        "@opentelemetry/sdk-logs": "0.223.0"
      },
      "engines": {
        "node": "^18.19.0 || >=20.6.0"
      },
      "peerDependencies": {
        "@opentelemetry/api": "^1.3.0"
      }
    },
    "node_modules/@opentelemetry/otlp-exporter-base": {
      "version": "0.223.0",
      "resolved": "https://registry.npmjs.org/@opentelemetry/otlp-exporter-base/-/otlp-exporter-base-0.223.0.tgz",
      "integrity": "sha512-HlJMrJXjOqdQeoYNDHEvFTpaY2p9uWDK1GPl5AZ4wI5easzfoppTduOv47M8eiF+4ew42vfI/Xvt7THYgESnRw==",
      "license": "Apache-2.0",
      "dependencies": {
        "@opentelemetry/core": "2.12.0",
        "@opentelemetry/otlp-transformer": "0.223.0"
      },
      "engines": {
        "node": "^18.19.0 || >=20.6.0"
      },
      "peerDependencies": {
        "@opentelemetry/api": "^1.3.0"
      }
    },
    "node_modules/@opentelemetry/otlp-transformer": {
      "version": "0.223.0",
      "resolved": "https://registry.npmjs.org/@opentelemetry/otlp-transformer/-/otlp-transformer-0.223.0.tgz",
      "integrity": "sha512-oxmmPL5/MbSsO8K588V9n/XLIe7FZTK30Fo+/U/lAnt0ZIK/hoPM03n2WpSTZVbUBGTUE7aLyxnAzh7nE2PD4Q==",
      "license": "Apache-2.0",
      "dependencies": {
        "@opentelemetry/api-logs": "0.223.0",
        "@opentelemetry/core": "2.12.0",
        "@opentelemetry/resources": "2.12.0",
        "@opentelemetry/sdk-logs": "0.223.0",
        "@opentelemetry/sdk-metrics": "2.12.0",
        "@opentelemetry/sdk-trace": "2.12.0"
      },
      "engines": {
        "node": "^18.19.0 || >=20.6.0"
      },
      "peerDependencies": {
        "@opentelemetry/api": "^1.3.0"
      }
    },
    "node_modules/@opentelemetry/resources": {
      "version": "2.12.0",
      "resolved": "https://registry.npmjs.org/@opentelemetry/resources/-/resources-2.12.0.tgz",
      "integrity": "sha512-+rSRoOdln6NhXTVcBdHSlZxJDNzwxadeweK2ltZO3tVtfp6aklABc06xclDk6ovRR+EiGgIcSbh/6NgjFhnb3A==",
      "license": "Apache-2.0",
      "dependencies": {
        "@opentelemetry/core": "2.12.0",
        "@opentelemetry/semantic-conventions": "^1.29.0"
      },
      "engines": {
        "node": "^18.19.0 || >=20.6.0"
      },
      "peerDependencies": {
        "@opentelemetry/api": ">=1.3.0 <1.10.0"
      }
    },
    "node_modules/@opentelemetry/sdk-logs": {
      "version": "0.223.0",
      "resolved": "https://registry.npmjs.org/@opentelemetry/sdk-logs/-/sdk-logs-0.223.0.tgz",
      "integrity": "sha512-ApiAfUiUh6fmJt1GbsBuoeDn8D8IL42UvGyPUr8o1Z89ZeIiOCE1rZ78KkIUjEX3OV8Oorl9ez5Qjo43ZynDyw==",
      "license": "Apache-2.0",
      "dependencies": {
        "@opentelemetry/api-logs": "0.223.0",
        "@opentelemetry/core": "2.12.0",
        "@opentelemetry/resources": "2.12.0",
        "@opentelemetry/semantic-conventions": "^1.29.0"
      },
      "engines": {
        "node": "^18.19.0 || >=20.6.0"
      },
      "peerDependencies": {
        "@opentelemetry/api": ">=1.4.0 <1.10.0"
      }
    },
    "node_modules/@opentelemetry/sdk-metrics": {
      "version": "2.12.0",
      "resolved": "https://registry.npmjs.org/@opentelemetry/sdk-metrics/-/sdk-metrics-2.12.0.tgz",
      "integrity": "sha512-mVMaEHwCUJuY3S4Esn+nT0yQA3qCEGh+SOPJsXygU0Gl453WcsDNjtEa8EfdewMwoLyr1tlofB4fXytVpiXuow==",
      "license": "Apache-2.0",
      "dependencies": {
        "@opentelemetry/core": "2.12.0",
        "@opentelemetry/resources": "2.12.0"
      },
      "engines": {
        "node": "^18.19.0 || >=20.6.0"
      },
      "peerDependencies": {
        "@opentelemetry/api": ">=1.9.0 <1.10.0"
      }
    },
    "node_modules/@opentelemetry/sdk-trace": {
      "version": "2.12.0",
      "resolved": "https://registry.npmjs.org/@opentelemetry/sdk-trace/-/sdk-trace-2.12.0.tgz",
      "integrity": "sha512-ImVuRQ6faOsTi1Wna88s2avgrrf/iDgXPigIeynkUhjstMuoQUDOJXgkez2j1mlU4btjXcXBGa+q7qKFYR3GsA==",
      "license": "Apache-2.0",
      "dependencies": {
        "@opentelemetry/core": "2.12.0",
        "@opentelemetry/resources": "2.12.0",
        "@opentelemetry/semantic-conventions": "^1.29.0"
      },
      "engines": {
        "node": "^18.19.0 || >=20.6.0"
      },
      "peerDependencies": {
        "@opentelemetry/api": ">=1.3.0 <1.10.0"
      }
    },
    "node_modules/@opentelemetry/semantic-conventions": {
      "version": "1.43.0",
      "resolved": "https://registry.npmjs.org/@opentelemetry/semantic-conventions/-/semantic-conventions-1.43.0.tgz",
      "integrity": "sha512-eSYWTm620tTk45EKSedaUL8MFYI8hW164hIXsgIHyxu3VobUB3fFCu5t0hQby6OoWRPsG1KkKUG2M5UadiLiVg==",
      "license": "Apache-2.0",
      "engines": {
        "node": ">=14"
      }
    },
    "node_modules/@posthog/core": {
      "version": "1.57.0",
      "resolved": "https://registry.npmjs.org/@posthog/core/-/core-1.57.0.tgz",
      "integrity": "sha512-ZpIWCSkog0v4whufAXetagBsVLqE1Zjl5DsHC2squTy8nS/vqZ9W5JvWkJFgHK8hk5x1gdwMoXY7FK2S0YRT1Q==",
      "license": "MIT",
      "dependencies": {
        "@posthog/types": "^1.415.0"
      }
    },
    "node_modules/@posthog/types": {
      "version": "1.415.1",
      "resolved": "https://registry.npmjs.org/@posthog/types/-/types-1.415.1.tgz",
      "integrity": "sha512-7Qs2wcqipl8KcFpIkIKE1Wcj1djX4dEB3cfq907HrNpKK7/xKh3U4N4bkOD6h9+8j3SxWWrj9JNpE8CZXsE35w==",
      "license": "MIT"
    },
    "node_modules/posthog-node": {
      "version": "5.55.0",
      "resolved": "https://registry.npmjs.org/posthog-node/-/posthog-node-5.55.0.tgz",
      "integrity": "sha512-8dFtlDTqs0CKGZ8t4mUnk4NdShAgzru3B9D0MfM/NTBzlRyAjctivzWINLtMLRQxYjvgBohxy7RTwiQf4mPycQ==",
      "license": "MIT",
      "dependencies": {
        "@posthog/core": "^1.55.2"
      },
      "engines": {
        "node": "^20.20.0 || >=22.22.0"
      },
      "peerDependencies": {
        "rxjs": "^7.0.0"
      },
      "peerDependenciesMeta": {
        "rxjs": {
          "optional": true
        }
      }
    }
  }
}
