{
  "name": "native-http-contacts",
  "version": "1.0.0",
  "lockfileVersion": 3,
  "requires": true,
  "packages": {
    "": {
      "name": "native-http-contacts",
      "version": "1.0.0",
      "dependencies": {
        "posthog-node": "^5.35.2"
      }
    },
    "node_modules/@posthog/core": {
      "version": "1.29.9",
      "resolved": "https://registry.npmjs.org/@posthog/core/-/core-1.29.9.tgz",
      "integrity": "sha512-DjvuIyBZ2Z/gBhtZlITlM2D8PlnMsHSQ1D78dbUYoVsgGguvanpJTobZObjLlFkybyvfZFYkpoJkFNI/2Pw4IQ==",
      "license": "MIT",
      "dependencies": {
        "@posthog/types": "1.376.0"
      }
    },
    "node_modules/@posthog/types": {
      "version": "1.376.0",
      "resolved": "https://registry.npmjs.org/@posthog/types/-/types-1.376.0.tgz",
      "integrity": "sha512-gbFfxCuZDs/D4QZMwdE+smD1jsuqgGpS6yKGHZZ19foxMy8RYHsU1E47iG1b88n/uN02fAabLibVwuxLtq8juw==",
      "license": "MIT"
    },
    "node_modules/posthog-node": {
      "version": "5.35.2",
      "resolved": "https://registry.npmjs.org/posthog-node/-/posthog-node-5.35.2.tgz",
      "integrity": "sha512-YwzkogTUrsFeUnJJH17p3zoZBFaHIh6swYoLV4Ic5pmd8fIVTz8w7NsHR7eWmJlqYe/+Hqo1acGN1jclNUbz3A==",
      "license": "MIT",
      "dependencies": {
        "@posthog/core": "1.29.9"
      },
      "engines": {
        "node": "^20.20.0 || >=22.22.0"
      },
      "peerDependencies": {
        "rxjs": "^7.0.0"
      },
      "peerDependenciesMeta": {
        "rxjs": {
          "optional": true
        }
      }
    }
  }
}
