{
  "name": "native-http-contacts",
  "version": "1.0.0",
  "lockfileVersion": 3,
  "requires": true,
  "packages": {
    "": {
      "name": "native-http-contacts",
      "version": "1.0.0",
      "dependencies": {
        "posthog-node": "^5.35.5"
      }
    },
    "node_modules/@posthog/core": {
      "version": "1.29.12",
      "resolved": "https://registry.npmjs.org/@posthog/core/-/core-1.29.12.tgz",
      "integrity": "sha512-r/2RUa4zbN0XdBp6d+Yk8Jw1rPWXHxyXIgSm/wJf9yDLIouZbH0Pdkgbc1RIuhwL6BIHCFrOqK5jy8TFKTI6iw==",
      "license": "MIT",
      "dependencies": {
        "@posthog/types": "1.376.3"
      }
    },
    "node_modules/@posthog/types": {
      "version": "1.376.3",
      "resolved": "https://registry.npmjs.org/@posthog/types/-/types-1.376.3.tgz",
      "integrity": "sha512-w21lBoz3/ZGw7BZT7t2lJq1mpJwMvWpZijW7vEwBFNAQlq0KfKf2mj5KKUYZMXM1GdIQ0jHnn931uXPB1Ae60w==",
      "license": "MIT"
    },
    "node_modules/posthog-node": {
      "version": "5.35.5",
      "resolved": "https://registry.npmjs.org/posthog-node/-/posthog-node-5.35.5.tgz",
      "integrity": "sha512-zPLpjK0uAxVTVmV2TH/hNAq0JN0vUjZdJ8KOBErQS58lIJRHTkMMofNmpolkGq9pijpFITcpLsMYMsFMWvjBmg==",
      "license": "MIT",
      "dependencies": {
        "@posthog/core": "1.29.12"
      },
      "engines": {
        "node": "^20.20.0 || >=22.22.0"
      },
      "peerDependencies": {
        "rxjs": "^7.0.0"
      },
      "peerDependenciesMeta": {
        "rxjs": {
          "optional": true
        }
      }
    }
  }
}
