{
  "name": "hono-links",
  "version": "1.0.0",
  "lockfileVersion": 3,
  "requires": true,
  "packages": {
    "": {
      "name": "hono-links",
      "version": "1.0.0",
      "dependencies": {
        "@hono/node-server": "^1.13.0",
        "hono": "^4.6.0",
        "posthog-node": "^5.35.5"
      }
    },
    "node_modules/@hono/node-server": {
      "version": "1.19.14",
      "resolved": "https://registry.npmjs.org/@hono/node-server/-/node-server-1.19.14.tgz",
      "integrity": "sha512-GwtvgtXxnWsucXvbQXkRgqksiH2Qed37H9xHZocE5sA3N8O8O8/8FA3uclQXxXVzc9XBZuEOMK7+r02FmSpHtw==",
      "license": "MIT",
      "engines": {
        "node": ">=18.14.1"
      },
      "peerDependencies": {
        "hono": "^4"
      }
    },
    "node_modules/@posthog/core": {
      "version": "1.29.12",
      "resolved": "https://registry.npmjs.org/@posthog/core/-/core-1.29.12.tgz",
      "integrity": "sha512-r/2RUa4zbN0XdBp6d+Yk8Jw1rPWXHxyXIgSm/wJf9yDLIouZbH0Pdkgbc1RIuhwL6BIHCFrOqK5jy8TFKTI6iw==",
      "license": "MIT",
      "dependencies": {
        "@posthog/types": "1.376.3"
      }
    },
    "node_modules/@posthog/types": {
      "version": "1.376.3",
      "resolved": "https://registry.npmjs.org/@posthog/types/-/types-1.376.3.tgz",
      "integrity": "sha512-w21lBoz3/ZGw7BZT7t2lJq1mpJwMvWpZijW7vEwBFNAQlq0KfKf2mj5KKUYZMXM1GdIQ0jHnn931uXPB1Ae60w==",
      "license": "MIT"
    },
    "node_modules/hono": {
      "version": "4.12.23",
      "resolved": "https://registry.npmjs.org/hono/-/hono-4.12.23.tgz",
      "integrity": "sha512-eIaZ9qDgu7XV0pxOCrg7/WhnQ6Ivm22UcxhXx/A3dcbqbbYgBEkc6e/J/s7j2tS96zoB0S9VBdLwQNCWwUo4LA==",
      "license": "MIT",
      "engines": {
        "node": ">=16.9.0"
      }
    },
    "node_modules/posthog-node": {
      "version": "5.35.5",
      "resolved": "https://registry.npmjs.org/posthog-node/-/posthog-node-5.35.5.tgz",
      "integrity": "sha512-zPLpjK0uAxVTVmV2TH/hNAq0JN0vUjZdJ8KOBErQS58lIJRHTkMMofNmpolkGq9pijpFITcpLsMYMsFMWvjBmg==",
      "license": "MIT",
      "dependencies": {
        "@posthog/core": "1.29.12"
      },
      "engines": {
        "node": "^20.20.0 || >=22.22.0"
      },
      "peerDependencies": {
        "rxjs": "^7.0.0"
      },
      "peerDependenciesMeta": {
        "rxjs": {
          "optional": true
        }
      }
    }
  }
}
