{
  "name": "hono-links",
  "version": "1.0.0",
  "lockfileVersion": 3,
  "requires": true,
  "packages": {
    "": {
      "name": "hono-links",
      "version": "1.0.0",
      "dependencies": {
        "@hono/node-server": "^1.13.0",
        "hono": "^4.6.0",
        "posthog-node": "^5.51.1"
      }
    },
    "node_modules/@hono/node-server": {
      "version": "1.19.17",
      "resolved": "https://registry.npmjs.org/@hono/node-server/-/node-server-1.19.17.tgz",
      "integrity": "sha512-dSneS5qhiauZWGDCeK4o695Xd9nUNjviSZCMQrj10eetr8Uln1ucn6bbphOM6UynAMMtNIzZNSpL9vnASJwrPQ==",
      "license": "MIT",
      "engines": {
        "node": ">=18.14.1"
      },
      "peerDependencies": {
        "hono": "^4"
      }
    },
    "node_modules/@posthog/core": {
      "version": "1.48.9",
      "resolved": "https://registry.npmjs.org/@posthog/core/-/core-1.48.9.tgz",
      "integrity": "sha512-jKJyG12L0TcLaa0av6lmSl8pLANUmvp2RVebM0/FYa/gID47BAVzuj3fT6QPJ7RZe0U4QZGQIrkB1amVYfBcig==",
      "license": "MIT",
      "dependencies": {
        "@posthog/types": "^1.405.1"
      }
    },
    "node_modules/@posthog/types": {
      "version": "1.405.2",
      "resolved": "https://registry.npmjs.org/@posthog/types/-/types-1.405.2.tgz",
      "integrity": "sha512-NVsw5pER9YEDFOfvmbpyRtIgv+0411QXHg1IjCFh+EcxtmLUP2FdJyiWYVpNM6WhTTlrPEW+fPZpGz1OBXijvQ==",
      "license": "MIT"
    },
    "node_modules/hono": {
      "version": "4.13.4",
      "resolved": "https://registry.npmjs.org/hono/-/hono-4.13.4.tgz",
      "integrity": "sha512-AGEwKIyRMHRv1t8Wjwa3LHxQ61X5CqrdFT+4BRNTpqS5aJNnpl5WLjADb7vFlJzI/8uK7T5QLVApCMQKNa3LgQ==",
      "license": "MIT",
      "engines": {
        "node": ">=16.9.0"
      }
    },
    "node_modules/posthog-node": {
      "version": "5.51.1",
      "resolved": "https://registry.npmjs.org/posthog-node/-/posthog-node-5.51.1.tgz",
      "integrity": "sha512-uEGB5OQvYl9f8Fy2t4FolhcBBlYB8sZM6/4Us517M5dcg/d00yyCusm0HydZFwbPQtPntlpr3gNAmv8TTbWuaA==",
      "license": "MIT",
      "dependencies": {
        "@posthog/core": "^1.48.9"
      },
      "engines": {
        "node": "^20.20.0 || >=22.22.0"
      },
      "peerDependencies": {
        "rxjs": "^7.0.0"
      },
      "peerDependenciesMeta": {
        "rxjs": {
          "optional": true
        }
      }
    }
  }
}
