{
  "name": "hono-links",
  "version": "1.0.0",
  "lockfileVersion": 3,
  "requires": true,
  "packages": {
    "": {
      "name": "hono-links",
      "version": "1.0.0",
      "dependencies": {
        "@hono/node-server": "^1.13.0",
        "hono": "^4.6.0",
        "posthog-node": "^5.52.4"
      }
    },
    "node_modules/@hono/node-server": {
      "version": "1.19.17",
      "resolved": "https://registry.npmjs.org/@hono/node-server/-/node-server-1.19.17.tgz",
      "integrity": "sha512-dSneS5qhiauZWGDCeK4o695Xd9nUNjviSZCMQrj10eetr8Uln1ucn6bbphOM6UynAMMtNIzZNSpL9vnASJwrPQ==",
      "license": "MIT",
      "engines": {
        "node": ">=18.14.1"
      },
      "peerDependencies": {
        "hono": "^4"
      }
    },
    "node_modules/@posthog/core": {
      "version": "1.55.0",
      "resolved": "https://registry.npmjs.org/@posthog/core/-/core-1.55.0.tgz",
      "integrity": "sha512-x+0FR+uHsK3uJeofd5X4S2YS7hjaWkzkPN0X1GROHm9SvKw2RJ91kfQ7gT1bPtFwZSHNiRtteB7fX/xEMRN0IQ==",
      "license": "MIT",
      "dependencies": {
        "@posthog/types": "^1.412.2"
      }
    },
    "node_modules/@posthog/types": {
      "version": "1.412.2",
      "resolved": "https://registry.npmjs.org/@posthog/types/-/types-1.412.2.tgz",
      "integrity": "sha512-taxTh8o6n7ZVlC8qBypZvF+6w7/18yNkS9XDiGCbutGTKqIljfzYi/7pumgwN3mcnl/n0e9A+JhF05+nLd4Xaw==",
      "license": "MIT"
    },
    "node_modules/hono": {
      "version": "4.13.8",
      "resolved": "https://registry.npmjs.org/hono/-/hono-4.13.8.tgz",
      "integrity": "sha512-/Gng7NfoykZl2pjukW5Z6+8Yxm3BPRf86GTbQnt0SbySkvax4fyL4H3HhY1cCpBGmiW9XDRFzRV+CXK2W8QudQ==",
      "license": "MIT",
      "engines": {
        "node": ">=16.9.0"
      }
    },
    "node_modules/posthog-node": {
      "version": "5.52.4",
      "resolved": "https://registry.npmjs.org/posthog-node/-/posthog-node-5.52.4.tgz",
      "integrity": "sha512-P3p4OouGQfw/ouv+Px4gcVWLNwYsFB4JPyksYmxv7QRX4niwp1/C9XjQSUyl0nt+KoQnK14zFDfONHWVthwKDA==",
      "license": "MIT",
      "dependencies": {
        "@posthog/core": "^1.54.2"
      },
      "engines": {
        "node": "^20.20.0 || >=22.22.0"
      },
      "peerDependencies": {
        "rxjs": "^7.0.0"
      },
      "peerDependenciesMeta": {
        "rxjs": {
          "optional": true
        }
      }
    }
  }
}
